
Microsoft Visual Studio Solution File, Format Version 12.00
# Visual Studio 15
VisualStudioVersion = 15.0.27428.1
MinimumVisualStudioVersion = 10.0.40219.1
Project("{FAE04EC0-301F-11D3-BF4B-00C04F79EFBC}") = "Sorveteria", "Sorveteria\Sorveteria.csproj", "{B6556403-4E00-42C1-9CD3-F67351A3790D}"
EndProject
Project("{FAE04EC0-301F-11D3-BF4B-00C04F79EFBC}") = "controleDB", "controleDB\controleDB.csproj", "{6C168473-5391-4CD0-BD01-10E2CC25B43C}"
EndProject
Project("{FAE04EC0-301F-11D3-BF4B-00C04F79EFBC}") = "Entidade", "Entidade\Entidade.csproj", "{D983D078-4040-49FB-B14B-D44E98EDCC1A}"
EndProject
Global
	GlobalSection(SolutionConfigurationPlatforms) = preSolution
		Debug|Any CPU = Debug|Any CPU
		Release|Any CPU = Release|Any CPU
	EndGlobalSection
	GlobalSection(ProjectConfigurationPlatforms) = postSolution
		{B6556403-4E00-42C1-9CD3-F67351A3790D}.Debug|Any CPU.ActiveCfg = Debug|Any CPU
		{B6556403-4E00-42C1-9CD3-F67351A3790D}.Debug|Any CPU.Build.0 = Debug|Any CPU
		{B6556403-4E00-42C1-9CD3-F67351A3790D}.Release|Any CPU.ActiveCfg = Release|Any CPU
		{B6556403-4E00-42C1-9CD3-F67351A3790D}.Release|Any CPU.Build.0 = Release|Any CPU
		{6C168473-5391-4CD0-BD01-10E2CC25B43C}.Debug|Any CPU.ActiveCfg = Debug|Any CPU
		{6C168473-5391-4CD0-BD01-10E2CC25B43C}.Debug|Any CPU.Build.0 = Debug|Any CPU
		{6C168473-5391-4CD0-BD01-10E2CC25B43C}.Release|Any CPU.ActiveCfg = Release|Any CPU
		{6C168473-5391-4CD0-BD01-10E2CC25B43C}.Release|Any CPU.Build.0 = Release|Any CPU
		{D983D078-4040-49FB-B14B-D44E98EDCC1A}.Debug|Any CPU.ActiveCfg = Debug|Any CPU
		{D983D078-4040-49FB-B14B-D44E98EDCC1A}.Debug|Any CPU.Build.0 = Debug|Any CPU
		{D983D078-4040-49FB-B14B-D44E98EDCC1A}.Release|Any CPU.ActiveCfg = Release|Any CPU
		{D983D078-4040-49FB-B14B-D44E98EDCC1A}.Release|Any CPU.Build.0 = Release|Any CPU
	EndGlobalSection
	GlobalSection(SolutionProperties) = preSolution
		HideSolutionNode = FALSE
	EndGlobalSection
	GlobalSection(ExtensibilityGlobals) = postSolution
		SolutionGuid = {239DA5F9-9C41-4BAD-8542-A31C893C550F}
	EndGlobalSection
EndGlobal
